# -------------------------------------------------------------------------- #
#
# Copyright (C) 2019  Intel Corporation. All rights reserved.
# Your use of Intel Corporation's design tools, logic functions 
# and other software and tools, and any partner logic 
# functions, and any output files from any of the foregoing 
# (including device programming or simulation files), and any 
# associated documentation or information are expressly subject 
# to the terms and conditions of the Intel Program License 
# Subscription Agreement, the Intel Quartus Prime License Agreement,
# the Intel FPGA IP License Agreement, or other applicable license
# agreement, including, without limitation, that your use is for
# the sole purpose of programming logic devices manufactured by
# Intel and sold by Intel or its authorized distributors.  Please
# refer to the applicable agreement for further details, at
# https://fpgasoftware.intel.com/eula.
#
# -------------------------------------------------------------------------- #
#
# Quartus Prime
# Version 19.1.0 Build 670 09/22/2019 SJ Lite Edition
# Date created = 10:57:41  July 16, 2021
#
# -------------------------------------------------------------------------- #
#
# Notes:
#
# 1) The default values for assignments are stored in the file:
#		MIPS_assignment_defaults.qdf
#    If this file doesn't exist, see file:
#		assignment_defaults.qdf
#
# 2) Altera recommends that you do not modify this file. This
#    file is updated automatically by the Quartus Prime software
#    and any changes you make may be lost or overwritten.
#
# -------------------------------------------------------------------------- #


set_global_assignment -name FAMILY "Cyclone IV E"
set_global_assignment -name DEVICE EP4CE115F29C7
set_global_assignment -name TOP_LEVEL_ENTITY MIPS
set_global_assignment -name ORIGINAL_QUARTUS_VERSION 19.1.0
set_global_assignment -name PROJECT_CREATION_TIME_DATE "10:57:41  JULY 16, 2021"
set_global_assignment -name LAST_QUARTUS_VERSION "20.1.1 Lite Edition"
set_global_assignment -name PROJECT_OUTPUT_DIRECTORY output_files
set_global_assignment -name MIN_CORE_JUNCTION_TEMP 0
set_global_assignment -name MAX_CORE_JUNCTION_TEMP 85
set_global_assignment -name ERROR_CHECK_FREQUENCY_DIVISOR 1
set_global_assignment -name NOMINAL_CORE_SUPPLY_VOLTAGE 1.2V
set_global_assignment -name VERILOG_FILE ROM.v
set_global_assignment -name VERILOG_FILE MIPS.v
set_global_assignment -name VERILOG_FILE RAM.v
set_global_assignment -name VERILOG_FILE PC.v
set_global_assignment -name VERILOG_FILE ADD_PC.v
set_global_assignment -name VERILOG_FILE MUX_5.v
set_global_assignment -name VERILOG_FILE MUX_32.v
set_global_assignment -name VERILOG_FILE Shift_Left2_32.v
set_global_assignment -name VERILOG_FILE Shift_Left2_26.v
set_global_assignment -name VERILOG_FILE sign_extend.v
set_global_assignment -name VERILOG_FILE ALU.v
set_global_assignment -name VERILOG_FILE registers.v
set_global_assignment -name VERILOG_FILE ALU_Control.v
set_global_assignment -name VERILOG_FILE Control_Unit.v
set_global_assignment -name PARTITION_NETLIST_TYPE SOURCE -section_id Top
set_global_assignment -name PARTITION_FITTER_PRESERVATION_LEVEL PLACEMENT_AND_ROUTING -section_id Top
set_global_assignment -name PARTITION_COLOR 16764057 -section_id Top
set_global_assignment -name VERILOG_FILE MUX_5b_3in.v
set_global_assignment -name VERILOG_FILE MUX_5b_4in.v
set_global_assignment -name VERILOG_FILE MUX_32b_4in.v
set_global_assignment -name VERILOG_FILE Add.v
set_global_assignment -name VERILOG_FILE IN.v
set_global_assignment -name VERILOG_FILE OUT.v
set_location_assignment PIN_Y16 -to in[0]
set_location_assignment PIN_AC22 -to in[12]
set_location_assignment PIN_AE16 -to in[2]
set_location_assignment PIN_AD21 -to in[1]
set_location_assignment PIN_AD15 -to in[3]
set_location_assignment PIN_AE15 -to in[4]
set_location_assignment PIN_AC19 -to in[5]
set_location_assignment PIN_AF16 -to in[6]
set_location_assignment PIN_AD19 -to in[7]
set_location_assignment PIN_AF15 -to in[8]
set_location_assignment PIN_AF24 -to in[9]
set_location_assignment PIN_AE21 -to in[10]
set_location_assignment PIN_AF25 -to in[11]
set_location_assignment PIN_AE22 -to in[13]
set_location_assignment PIN_AF21 -to in[14]
set_location_assignment PIN_AF22 -to in[15]
set_location_assignment PIN_AG25 -to enter
set_location_assignment PIN_AD22 -to reset
set_global_assignment -name VERILOG_FILE Salva_saida.v
set_global_assignment -name VERILOG_FILE Gerenciador_De_Saidas.v
set_global_assignment -name VERILOG_FILE display_7_seg.v
set_global_assignment -name VERILOG_FILE Split_Digitos.v
set_location_assignment PIN_H22 -to display[0]
set_location_assignment PIN_J22 -to display[1]
set_location_assignment PIN_L25 -to display[2]
set_location_assignment PIN_L26 -to display[3]
set_location_assignment PIN_E17 -to display[4]
set_location_assignment PIN_F22 -to display[5]
set_location_assignment PIN_G18 -to display[6]

set_location_assignment PIN_U24 -to display[7]
set_location_assignment PIN_U23 -to display[8]
set_location_assignment PIN_W25 -to display[9]
set_location_assignment PIN_W22 -to display[10]
set_location_assignment PIN_W21 -to display[11]
set_location_assignment PIN_Y22 -to display[12]
set_location_assignment PIN_M24 -to display[13]

set_location_assignment PIN_W28 -to display[14]
set_location_assignment PIN_W27 -to display[15]
set_location_assignment PIN_Y26 -to display[16]
set_location_assignment PIN_W26 -to display[17]
set_location_assignment PIN_Y25 -to display[18]
set_location_assignment PIN_AA26 -to display[19]
set_location_assignment PIN_Y19 -to display[21]

set_location_assignment PIN_AF23 -to display[22]
set_location_assignment PIN_AD24 -to display[23]
set_location_assignment PIN_AA21 -to display[24]
set_location_assignment PIN_AB20 -to display[25]
set_location_assignment PIN_U21 -to display[26]
set_location_assignment PIN_V21 -to display[27]
set_location_assignment PIN_AE18 -to display[28]
set_location_assignment PIN_AF19 -to display[29]
set_location_assignment PIN_AE19 -to display[30]
set_location_assignment PIN_AH21 -to display[31]
set_location_assignment PIN_AG21 -to display[32]
set_location_assignment PIN_AA19 -to display[33]
set_location_assignment PIN_AB19 -to display[34]
set_location_assignment PIN_AH18 -to display[35]
set_location_assignment PIN_AF18 -to display[36]
set_location_assignment PIN_AG19 -to display[37]
set_location_assignment PIN_AH19 -to display[38]
set_location_assignment PIN_AB18 -to display[39]
set_location_assignment PIN_AC18 -to display[40]
set_location_assignment PIN_AD18 -to display[41]
set_location_assignment PIN_AC17 -to display[42]
set_location_assignment PIN_AA15 -to display[43]
set_location_assignment PIN_AB15 -to display[44]
set_location_assignment PIN_AB17 -to display[45]
set_location_assignment PIN_AA16 -to display[46]
set_location_assignment PIN_AB16 -to display[47]
set_location_assignment PIN_AA17 -to display[48]
set_location_assignment PIN_AA14 -to display[49]
set_location_assignment PIN_AG18 -to display[50]
set_location_assignment PIN_AF17 -to display[51]
set_location_assignment PIN_AH17 -to display[52]
set_location_assignment PIN_AG17 -to display[53]
set_location_assignment PIN_AE17 -to display[54]
set_location_assignment PIN_AD17 -to display[55]

set_location_assignment PIN_Y2 -to Clock
set_global_assignment -name VERILOG_FILE Flip_Flop_Input.v
set_location_assignment PIN_G16 -to LED_Input
set_location_assignment PIN_G15 -to LED_Input2
set_global_assignment -name VERILOG_FILE Debounce_Switch.v
set_location_assignment PIN_AA25 -to display[20]
set_location_assignment PIN_E21 -to ledtest
set_location_assignment PIN_AB22 -to bt0
set_location_assignment PIN_E22 -to led_btn
set_global_assignment -name VERILOG_FILE Divisor_Freq.v
set_global_assignment -name VERILOG_FILE MUX_32b_3in.v
set_global_assignment -name VECTOR_WAVEFORM_FILE Waveform4.vwf
set_global_assignment -name VERILOG_FILE output_files/MUX_32b_3in.v
set_global_assignment -name POWER_PRESET_COOLING_SOLUTION "23 MM HEAT SINK WITH 200 LFPM AIRFLOW"
set_global_assignment -name POWER_BOARD_THERMAL_MODEL "NONE (CONSERVATIVE)"
set_global_assignment -name OPTIMIZE_TIMING OFF
set_global_assignment -name TEXT_FILE instructions.txt
set_global_assignment -name VERILOG_FILE HD.v
set_global_assignment -name VERILOG_FILE Display_LCD.v
set_global_assignment -name VERILOG_FILE LCD.v
set_global_assignment -name VERILOG_FILE LCD_Controller.v
set_global_assignment -name VERILOG_FILE LCD_TESTE.v
set_global_assignment -name VERILOG_FILE Reset_Delay.v
set_location_assignment PIN_M5 -to LCD_DATA[7]
set_location_assignment PIN_M3 -to LCD_DATA[6]
set_location_assignment PIN_K2 -to LCD_DATA[5]
set_location_assignment PIN_K1 -to LCD_DATA[4]
set_location_assignment PIN_K7 -to LCD_DATA[3]
set_location_assignment PIN_L2 -to LCD_DATA[2]
set_location_assignment PIN_L1 -to LCD_DATA[1]
set_location_assignment PIN_L3 -to LCD_DATA[0]
set_location_assignment PIN_L4 -to LCD_EN
set_location_assignment PIN_M1 -to LCD_RW
set_location_assignment PIN_L5 -to LCD_ON
set_location_assignment PIN_M2 -to LCD_RS
set_location_assignment PIN_L6 -to LCD_BLON
set_global_assignment -name VECTOR_WAVEFORM_FILE Waveform5.vwf
set_instance_assignment -name PARTITION_HIERARCHY root_partition -to | -section_id Top